
Microsoft Visual Studio Solution File, Format Version 12.00
# Visual Studio Version 17
VisualStudioVersion = 17.11.35303.130
MinimumVisualStudioVersion = 10.0.40219.1
Project("{2150E333-8FDC-42A3-9474-1A3956D46DE8}") = "Task0", "Task0", "{B9B961B5-9FCC-4B85-999D-42E7A05C208A}"
EndProject
Project("{9A19103F-16F7-4668-BE54-9A1E7A4F7556}") = "Tyuiu.KirichokEV.Sprint1.Task0.V8", "Tyuiu.KirichokEV.Sprint1.Task0.V8\Tyuiu.KirichokEV.Sprint1.Task0.V8.csproj", "{E6EE12DE-2871-44F8-9D3C-E1D24A1ADF54}"
EndProject
Project("{9A19103F-16F7-4668-BE54-9A1E7A4F7556}") = "Tyuiu.KirichokEV.Sprint1.Task0.V8.Lib", "Tyuiu.KirichokEV.Sprint1.Task0.V8.Lib\Tyuiu.KirichokEV.Sprint1.Task0.V8.Lib.csproj", "{017DFEC3-31E8-44E5-9503-0CAE57B90978}"
EndProject
Project("{9A19103F-16F7-4668-BE54-9A1E7A4F7556}") = "Tyuiu.KirichokEV.Sprint1.Task0.V8.Test", "Tyuiu.KirichokEV.Sprint1.Task0.V8.Test\Tyuiu.KirichokEV.Sprint1.Task0.V8.Test.csproj", "{396D0275-35D7-4386-A3E4-AC413376C813}"
EndProject
Project("{2150E333-8FDC-42A3-9474-1A3956D46DE8}") = "Task1", "Task1", "{FC8A7CCE-CC0E-416E-B43D-24A3BC63FC50}"
EndProject
Project("{9A19103F-16F7-4668-BE54-9A1E7A4F7556}") = "Tyuiu.KirichokEV.Sprint1.Task1.V22", "Tyuiu.KirichokEV.Sprint1.Task1.V22\Tyuiu.KirichokEV.Sprint1.Task1.V22.csproj", "{4A5CE795-23C1-4F1D-BC4D-E4902C4A5A3A}"
EndProject
Project("{9A19103F-16F7-4668-BE54-9A1E7A4F7556}") = "Tyuiu.KirichokEV.Sprint1.Task1.V22.Lib", "Tyuiu.KirichokEV.Sprint1.Task1.V22.Lib\Tyuiu.KirichokEV.Sprint1.Task1.V22.Lib.csproj", "{5845F3AC-834D-4D01-8A38-CE9B16D64679}"
EndProject
Project("{9A19103F-16F7-4668-BE54-9A1E7A4F7556}") = "Tyuiu.KirichokEV.Sprint1.Task1.V22.Test", "Tyuiu.KirichokEV.Sprint1.Task1.V22.Test\Tyuiu.KirichokEV.Sprint1.Task1.V22.Test.csproj", "{12A72BC6-B673-41B2-B5E7-E7881F0D875A}"
EndProject
Project("{2150E333-8FDC-42A3-9474-1A3956D46DE8}") = "Task2", "Task2", "{4317CC15-DE5A-45DC-89E2-D8A1011874C8}"
EndProject
Project("{FAE04EC0-301F-11D3-BF4B-00C04F79EFBC}") = "Tyuiu.KirichokEV.Sprint1.Task2.V13", "Tyuiu.KirichokEV.Sprint1.Task2.V13\Tyuiu.KirichokEV.Sprint1.Task2.V13.csproj", "{224A6CD4-E614-4EDF-A084-5A4BFC3267CF}"
EndProject
Project("{FAE04EC0-301F-11D3-BF4B-00C04F79EFBC}") = "Tyuiu.KirichokEV.Sprint1.Task2.V13.Lib", "Tyuiu.KirichokEV.Sprint1.Task2.V13.Lib\Tyuiu.KirichokEV.Sprint1.Task2.V13.Lib.csproj", "{0400FC54-958C-49DA-9826-FB81084FE8C9}"
EndProject
Project("{FAE04EC0-301F-11D3-BF4B-00C04F79EFBC}") = "Tyuiu.KirichokEV.Sprint1.Task2.V13.Test", "Tyuiu.KirichokEV.Sprint1.Task2.V13.Test\Tyuiu.KirichokEV.Sprint1.Task2.V13.Test.csproj", "{87F491DD-F8B8-4492-8D8E-D95DE2F76508}"
EndProject
Project("{2150E333-8FDC-42A3-9474-1A3956D46DE8}") = "Task3", "Task3", "{36A8C96B-F4E6-4A3B-A7D4-87CEEDD98D1B}"
EndProject
Project("{FAE04EC0-301F-11D3-BF4B-00C04F79EFBC}") = "Tyuiu.KirichokEV.Sprint1.Task3.V11", "Tyuiu.KirichokEV.Sprint1.Task3.V11\Tyuiu.KirichokEV.Sprint1.Task3.V11.csproj", "{456F45A6-049B-42AF-B5BF-F932FF9E4C3F}"
EndProject
Project("{FAE04EC0-301F-11D3-BF4B-00C04F79EFBC}") = "Tyuiu.KirichokEV.Sprint1.Task3.V11.Lib", "Tyuiu.KirichokEV.Sprint1.Task3.V11.Lib\Tyuiu.KirichokEV.Sprint1.Task3.V11.Lib.csproj", "{7F9DA7A4-C69B-49FD-888F-CC3D2C7D2846}"
EndProject
Project("{FAE04EC0-301F-11D3-BF4B-00C04F79EFBC}") = "Tyuiu.KirichokEV.Sprint1.Task3.V11.Test", "Tyuiu.KirichokEV.Sprint1.Task3.V11.Test\Tyuiu.KirichokEV.Sprint1.Task3.V11.Test.csproj", "{4745564F-52DE-4089-8113-9277045CB2CF}"
EndProject
Project("{2150E333-8FDC-42A3-9474-1A3956D46DE8}") = "Task4", "Task4", "{B9C10BF6-47A6-4C4A-A287-6540DB8540A1}"
EndProject
Project("{FAE04EC0-301F-11D3-BF4B-00C04F79EFBC}") = "Tyuiu.KirichokEV.Sprint1.Task4.V8", "Tyuiu.KirichokEV.Sprint1.Task4.V8\Tyuiu.KirichokEV.Sprint1.Task4.V8.csproj", "{88F9E401-FBDB-4B69-A620-B9634D6F2B8B}"
EndProject
Project("{FAE04EC0-301F-11D3-BF4B-00C04F79EFBC}") = "Tyuiu.KirichokEV.Sprint1.Task4.V8.Lib", "Tyuiu.KirichokEV.Sprint1.Task4.V8.Lib\Tyuiu.KirichokEV.Sprint1.Task4.V8.Lib.csproj", "{5FA838DF-8443-4399-AA2F-3BBA860A05BF}"
EndProject
Project("{FAE04EC0-301F-11D3-BF4B-00C04F79EFBC}") = "Tyuiu.KirichokEV.Sprint1.Task4.V8.Test", "Tyuiu.KirichokEV.Sprint1.Task4.V8.Test\Tyuiu.KirichokEV.Sprint1.Task4.V8.Test.csproj", "{1964134C-3745-4021-94F7-EF78BC99262C}"
EndProject
Global
	GlobalSection(SolutionConfigurationPlatforms) = preSolution
		Debug|Any CPU = Debug|Any CPU
		Release|Any CPU = Release|Any CPU
	EndGlobalSection
	GlobalSection(ProjectConfigurationPlatforms) = postSolution
		{E6EE12DE-2871-44F8-9D3C-E1D24A1ADF54}.Debug|Any CPU.ActiveCfg = Debug|Any CPU
		{E6EE12DE-2871-44F8-9D3C-E1D24A1ADF54}.Debug|Any CPU.Build.0 = Debug|Any CPU
		{E6EE12DE-2871-44F8-9D3C-E1D24A1ADF54}.Release|Any CPU.ActiveCfg = Release|Any CPU
		{E6EE12DE-2871-44F8-9D3C-E1D24A1ADF54}.Release|Any CPU.Build.0 = Release|Any CPU
		{017DFEC3-31E8-44E5-9503-0CAE57B90978}.Debug|Any CPU.ActiveCfg = Debug|Any CPU
		{017DFEC3-31E8-44E5-9503-0CAE57B90978}.Debug|Any CPU.Build.0 = Debug|Any CPU
		{017DFEC3-31E8-44E5-9503-0CAE57B90978}.Release|Any CPU.ActiveCfg = Release|Any CPU
		{017DFEC3-31E8-44E5-9503-0CAE57B90978}.Release|Any CPU.Build.0 = Release|Any CPU
		{396D0275-35D7-4386-A3E4-AC413376C813}.Debug|Any CPU.ActiveCfg = Debug|Any CPU
		{396D0275-35D7-4386-A3E4-AC413376C813}.Debug|Any CPU.Build.0 = Debug|Any CPU
		{396D0275-35D7-4386-A3E4-AC413376C813}.Release|Any CPU.ActiveCfg = Release|Any CPU
		{396D0275-35D7-4386-A3E4-AC413376C813}.Release|Any CPU.Build.0 = Release|Any CPU
		{4A5CE795-23C1-4F1D-BC4D-E4902C4A5A3A}.Debug|Any CPU.ActiveCfg = Debug|Any CPU
		{4A5CE795-23C1-4F1D-BC4D-E4902C4A5A3A}.Debug|Any CPU.Build.0 = Debug|Any CPU
		{4A5CE795-23C1-4F1D-BC4D-E4902C4A5A3A}.Release|Any CPU.ActiveCfg = Release|Any CPU
		{4A5CE795-23C1-4F1D-BC4D-E4902C4A5A3A}.Release|Any CPU.Build.0 = Release|Any CPU
		{5845F3AC-834D-4D01-8A38-CE9B16D64679}.Debug|Any CPU.ActiveCfg = Debug|Any CPU
		{5845F3AC-834D-4D01-8A38-CE9B16D64679}.Debug|Any CPU.Build.0 = Debug|Any CPU
		{5845F3AC-834D-4D01-8A38-CE9B16D64679}.Release|Any CPU.ActiveCfg = Release|Any CPU
		{5845F3AC-834D-4D01-8A38-CE9B16D64679}.Release|Any CPU.Build.0 = Release|Any CPU
		{12A72BC6-B673-41B2-B5E7-E7881F0D875A}.Debug|Any CPU.ActiveCfg = Debug|Any CPU
		{12A72BC6-B673-41B2-B5E7-E7881F0D875A}.Debug|Any CPU.Build.0 = Debug|Any CPU
		{12A72BC6-B673-41B2-B5E7-E7881F0D875A}.Release|Any CPU.ActiveCfg = Release|Any CPU
		{12A72BC6-B673-41B2-B5E7-E7881F0D875A}.Release|Any CPU.Build.0 = Release|Any CPU
		{224A6CD4-E614-4EDF-A084-5A4BFC3267CF}.Debug|Any CPU.ActiveCfg = Debug|Any CPU
		{224A6CD4-E614-4EDF-A084-5A4BFC3267CF}.Debug|Any CPU.Build.0 = Debug|Any CPU
		{224A6CD4-E614-4EDF-A084-5A4BFC3267CF}.Release|Any CPU.ActiveCfg = Release|Any CPU
		{224A6CD4-E614-4EDF-A084-5A4BFC3267CF}.Release|Any CPU.Build.0 = Release|Any CPU
		{0400FC54-958C-49DA-9826-FB81084FE8C9}.Debug|Any CPU.ActiveCfg = Debug|Any CPU
		{0400FC54-958C-49DA-9826-FB81084FE8C9}.Debug|Any CPU.Build.0 = Debug|Any CPU
		{0400FC54-958C-49DA-9826-FB81084FE8C9}.Release|Any CPU.ActiveCfg = Release|Any CPU
		{0400FC54-958C-49DA-9826-FB81084FE8C9}.Release|Any CPU.Build.0 = Release|Any CPU
		{87F491DD-F8B8-4492-8D8E-D95DE2F76508}.Debug|Any CPU.ActiveCfg = Debug|Any CPU
		{87F491DD-F8B8-4492-8D8E-D95DE2F76508}.Debug|Any CPU.Build.0 = Debug|Any CPU
		{87F491DD-F8B8-4492-8D8E-D95DE2F76508}.Release|Any CPU.ActiveCfg = Release|Any CPU
		{87F491DD-F8B8-4492-8D8E-D95DE2F76508}.Release|Any CPU.Build.0 = Release|Any CPU
		{456F45A6-049B-42AF-B5BF-F932FF9E4C3F}.Debug|Any CPU.ActiveCfg = Debug|Any CPU
		{456F45A6-049B-42AF-B5BF-F932FF9E4C3F}.Debug|Any CPU.Build.0 = Debug|Any CPU
		{456F45A6-049B-42AF-B5BF-F932FF9E4C3F}.Release|Any CPU.ActiveCfg = Release|Any CPU
		{456F45A6-049B-42AF-B5BF-F932FF9E4C3F}.Release|Any CPU.Build.0 = Release|Any CPU
		{7F9DA7A4-C69B-49FD-888F-CC3D2C7D2846}.Debug|Any CPU.ActiveCfg = Debug|Any CPU
		{7F9DA7A4-C69B-49FD-888F-CC3D2C7D2846}.Debug|Any CPU.Build.0 = Debug|Any CPU
		{7F9DA7A4-C69B-49FD-888F-CC3D2C7D2846}.Release|Any CPU.ActiveCfg = Release|Any CPU
		{7F9DA7A4-C69B-49FD-888F-CC3D2C7D2846}.Release|Any CPU.Build.0 = Release|Any CPU
		{4745564F-52DE-4089-8113-9277045CB2CF}.Debug|Any CPU.ActiveCfg = Debug|Any CPU
		{4745564F-52DE-4089-8113-9277045CB2CF}.Debug|Any CPU.Build.0 = Debug|Any CPU
		{4745564F-52DE-4089-8113-9277045CB2CF}.Release|Any CPU.ActiveCfg = Release|Any CPU
		{4745564F-52DE-4089-8113-9277045CB2CF}.Release|Any CPU.Build.0 = Release|Any CPU
		{88F9E401-FBDB-4B69-A620-B9634D6F2B8B}.Debug|Any CPU.ActiveCfg = Debug|Any CPU
		{88F9E401-FBDB-4B69-A620-B9634D6F2B8B}.Debug|Any CPU.Build.0 = Debug|Any CPU
		{88F9E401-FBDB-4B69-A620-B9634D6F2B8B}.Release|Any CPU.ActiveCfg = Release|Any CPU
		{88F9E401-FBDB-4B69-A620-B9634D6F2B8B}.Release|Any CPU.Build.0 = Release|Any CPU
		{5FA838DF-8443-4399-AA2F-3BBA860A05BF}.Debug|Any CPU.ActiveCfg = Debug|Any CPU
		{5FA838DF-8443-4399-AA2F-3BBA860A05BF}.Debug|Any CPU.Build.0 = Debug|Any CPU
		{5FA838DF-8443-4399-AA2F-3BBA860A05BF}.Release|Any CPU.ActiveCfg = Release|Any CPU
		{5FA838DF-8443-4399-AA2F-3BBA860A05BF}.Release|Any CPU.Build.0 = Release|Any CPU
		{1964134C-3745-4021-94F7-EF78BC99262C}.Debug|Any CPU.ActiveCfg = Debug|Any CPU
		{1964134C-3745-4021-94F7-EF78BC99262C}.Debug|Any CPU.Build.0 = Debug|Any CPU
		{1964134C-3745-4021-94F7-EF78BC99262C}.Release|Any CPU.ActiveCfg = Release|Any CPU
		{1964134C-3745-4021-94F7-EF78BC99262C}.Release|Any CPU.Build.0 = Release|Any CPU
	EndGlobalSection
	GlobalSection(SolutionProperties) = preSolution
		HideSolutionNode = FALSE
	EndGlobalSection
	GlobalSection(NestedProjects) = preSolution
		{E6EE12DE-2871-44F8-9D3C-E1D24A1ADF54} = {B9B961B5-9FCC-4B85-999D-42E7A05C208A}
		{017DFEC3-31E8-44E5-9503-0CAE57B90978} = {B9B961B5-9FCC-4B85-999D-42E7A05C208A}
		{396D0275-35D7-4386-A3E4-AC413376C813} = {B9B961B5-9FCC-4B85-999D-42E7A05C208A}
		{4A5CE795-23C1-4F1D-BC4D-E4902C4A5A3A} = {FC8A7CCE-CC0E-416E-B43D-24A3BC63FC50}
		{5845F3AC-834D-4D01-8A38-CE9B16D64679} = {FC8A7CCE-CC0E-416E-B43D-24A3BC63FC50}
		{12A72BC6-B673-41B2-B5E7-E7881F0D875A} = {FC8A7CCE-CC0E-416E-B43D-24A3BC63FC50}
		{224A6CD4-E614-4EDF-A084-5A4BFC3267CF} = {4317CC15-DE5A-45DC-89E2-D8A1011874C8}
		{0400FC54-958C-49DA-9826-FB81084FE8C9} = {4317CC15-DE5A-45DC-89E2-D8A1011874C8}
		{87F491DD-F8B8-4492-8D8E-D95DE2F76508} = {4317CC15-DE5A-45DC-89E2-D8A1011874C8}
		{456F45A6-049B-42AF-B5BF-F932FF9E4C3F} = {36A8C96B-F4E6-4A3B-A7D4-87CEEDD98D1B}
		{7F9DA7A4-C69B-49FD-888F-CC3D2C7D2846} = {36A8C96B-F4E6-4A3B-A7D4-87CEEDD98D1B}
		{4745564F-52DE-4089-8113-9277045CB2CF} = {36A8C96B-F4E6-4A3B-A7D4-87CEEDD98D1B}
		{88F9E401-FBDB-4B69-A620-B9634D6F2B8B} = {B9C10BF6-47A6-4C4A-A287-6540DB8540A1}
		{5FA838DF-8443-4399-AA2F-3BBA860A05BF} = {B9C10BF6-47A6-4C4A-A287-6540DB8540A1}
		{1964134C-3745-4021-94F7-EF78BC99262C} = {B9C10BF6-47A6-4C4A-A287-6540DB8540A1}
	EndGlobalSection
	GlobalSection(ExtensibilityGlobals) = postSolution
		SolutionGuid = {48412827-9DFB-4B6E-8B17-BC4A52D9D4AB}
	EndGlobalSection
EndGlobal
